
Microsoft Visual Studio Solution File, Format Version 12.00
# Visual Studio Version 17
VisualStudioVersion = 17.5.002.0
MinimumVisualStudioVersion = 10.0.40219.1
Project("{9A19103F-16F7-4668-BE54-9A1E7A4F7556}") = "TodoApi", "TodoApi.csproj", "{E5549585-1590-4701-A207-374C63E7126A}"
EndProject
Global
	GlobalSection(SolutionConfigurationPlatforms) = preSolution
		Debug|Any CPU = Debug|Any CPU
		Release|Any CPU = Release|Any CPU
	EndGlobalSection
	GlobalSection(ProjectConfigurationPlatforms) = postSolution
		{E5549585-1590-4701-A207-374C63E7126A}.Debug|Any CPU.ActiveCfg = Debug|Any CPU
		{E5549585-1590-4701-A207-374C63E7126A}.Debug|Any CPU.Build.0 = Debug|Any CPU
		{E5549585-1590-4701-A207-374C63E7126A}.Release|Any CPU.ActiveCfg = Release|Any CPU
		{E5549585-1590-4701-A207-374C63E7126A}.Release|Any CPU.Build.0 = Release|Any CPU
	EndGlobalSection
	GlobalSection(SolutionProperties) = preSolution
		HideSolutionNode = FALSE
	EndGlobalSection
	GlobalSection(ExtensibilityGlobals) = postSolution
		SolutionGuid = {4D4E0539-B7FE-4BAB-B6DC-8D94A0EA77D2}
	EndGlobalSection
EndGlobal
